
Microsoft Visual Studio Solution File, Format Version 12.00
# Visual Studio 15
VisualStudioVersion = 15.0.28307.1259
MinimumVisualStudioVersion = 10.0.40219.1
Project("{FAE04EC0-301F-11D3-BF4B-00C04F79EFBC}") = "Karaoke", "Karaoke\Karaoke.csproj", "{BDD42AC8-E0A5-428E-947C-8EE42208268A}"
EndProject
Project("{54435603-DBB4-11D2-8724-00A0C9A8B90C}") = "Installer Karaoke", "..\Installer Karaoke\Installer Karaoke.vdproj", "{70CF6750-6E9A-4411-8B08-B1463BA2F357}"
EndProject
Global
	GlobalSection(SolutionConfigurationPlatforms) = preSolution
		Debug|Any CPU = Debug|Any CPU
		Release|Any CPU = Release|Any CPU
	EndGlobalSection
	GlobalSection(ProjectConfigurationPlatforms) = postSolution
		{BDD42AC8-E0A5-428E-947C-8EE42208268A}.Debug|Any CPU.ActiveCfg = Debug|Any CPU
		{BDD42AC8-E0A5-428E-947C-8EE42208268A}.Debug|Any CPU.Build.0 = Debug|Any CPU
		{BDD42AC8-E0A5-428E-947C-8EE42208268A}.Release|Any CPU.ActiveCfg = Release|Any CPU
		{BDD42AC8-E0A5-428E-947C-8EE42208268A}.Release|Any CPU.Build.0 = Release|Any CPU
		{70CF6750-6E9A-4411-8B08-B1463BA2F357}.Debug|Any CPU.ActiveCfg = Debug
		{70CF6750-6E9A-4411-8B08-B1463BA2F357}.Release|Any CPU.ActiveCfg = Release
	EndGlobalSection
	GlobalSection(SolutionProperties) = preSolution
		HideSolutionNode = FALSE
	EndGlobalSection
	GlobalSection(ExtensibilityGlobals) = postSolution
		SolutionGuid = {B1893B5F-95F8-4172-BEF5-F2D1ECB53702}
	EndGlobalSection
EndGlobal
